
Microsoft Visual Studio Solution File, Format Version 12.00
Project("{FAE04EC0-301F-11D3-BF4B-00C04F79EFBC}") = "aernautica_imperiali", "aernautica_imperiali\aernautica_imperiali.csproj", "{274236A1-9850-4A6B-B775-F2477C80AD2F}"
EndProject
Project("{FAE04EC0-301F-11D3-BF4B-00C04F79EFBC}") = "aernautica_imperiali.unittest", "aernautica_imperiali.unittest\aernautica_imperiali.unittest.csproj", "{40CC6E25-61DD-4C49-A371-F91D6A00C174}"
EndProject
Global
	GlobalSection(SolutionConfigurationPlatforms) = preSolution
		Debug|Any CPU = Debug|Any CPU
		Release|Any CPU = Release|Any CPU
	EndGlobalSection
	GlobalSection(ProjectConfigurationPlatforms) = postSolution
		{274236A1-9850-4A6B-B775-F2477C80AD2F}.Debug|Any CPU.ActiveCfg = Debug|Any CPU
		{274236A1-9850-4A6B-B775-F2477C80AD2F}.Debug|Any CPU.Build.0 = Debug|Any CPU
		{274236A1-9850-4A6B-B775-F2477C80AD2F}.Release|Any CPU.ActiveCfg = Release|Any CPU
		{274236A1-9850-4A6B-B775-F2477C80AD2F}.Release|Any CPU.Build.0 = Release|Any CPU
		{40CC6E25-61DD-4C49-A371-F91D6A00C174}.Debug|Any CPU.ActiveCfg = Debug|Any CPU
		{40CC6E25-61DD-4C49-A371-F91D6A00C174}.Debug|Any CPU.Build.0 = Debug|Any CPU
		{40CC6E25-61DD-4C49-A371-F91D6A00C174}.Release|Any CPU.ActiveCfg = Release|Any CPU
		{40CC6E25-61DD-4C49-A371-F91D6A00C174}.Release|Any CPU.Build.0 = Release|Any CPU
	EndGlobalSection
EndGlobal
